
Microsoft Visual Studio Solution File, Format Version 12.00
# Visual Studio Express 2012 for Windows Desktop
Project("{8BC9CEB8-8B4A-11D0-8D11-00A0C91BC942}") = "eqmac_zone_hack", "eqmac_zone_hack\eqmac_zone_hack.vcxproj", "{BB23BF7A-6757-454D-A44E-638C7104725C}"
EndProject
Global
	GlobalSection(SolutionConfigurationPlatforms) = preSolution
		Debug|Win32 = Debug|Win32
		Release|Win32 = Release|Win32
	EndGlobalSection
	GlobalSection(ProjectConfigurationPlatforms) = postSolution
		{BB23BF7A-6757-454D-A44E-638C7104725C}.Debug|Win32.ActiveCfg = Debug|Win32
		{BB23BF7A-6757-454D-A44E-638C7104725C}.Debug|Win32.Build.0 = Debug|Win32
		{BB23BF7A-6757-454D-A44E-638C7104725C}.Release|Win32.ActiveCfg = Release|Win32
		{BB23BF7A-6757-454D-A44E-638C7104725C}.Release|Win32.Build.0 = Release|Win32
	EndGlobalSection
	GlobalSection(SolutionProperties) = preSolution
		HideSolutionNode = FALSE
	EndGlobalSection
EndGlobal
